
Microsoft Visual Studio Solution File, Format Version 12.00
# Visual Studio Version 17
VisualStudioVersion = 17.3.32929.385
MinimumVisualStudioVersion = 10.0.40219.1
Project("{FAE04EC0-301F-11D3-BF4B-00C04F79EFBC}") = "Budusan_Bogdan-Cristian_Lab1", "Budusan_Bogdan-Cristian_Lab1.csproj", "{B6E8C4AD-2CA9-45B9-B6C1-BCF57E5ADF0C}"
EndProject
Global
	GlobalSection(SolutionConfigurationPlatforms) = preSolution
		Debug|Any CPU = Debug|Any CPU
		Release|Any CPU = Release|Any CPU
	EndGlobalSection
	GlobalSection(ProjectConfigurationPlatforms) = postSolution
		{B6E8C4AD-2CA9-45B9-B6C1-BCF57E5ADF0C}.Debug|Any CPU.ActiveCfg = Debug|Any CPU
		{B6E8C4AD-2CA9-45B9-B6C1-BCF57E5ADF0C}.Debug|Any CPU.Build.0 = Debug|Any CPU
		{B6E8C4AD-2CA9-45B9-B6C1-BCF57E5ADF0C}.Release|Any CPU.ActiveCfg = Release|Any CPU
		{B6E8C4AD-2CA9-45B9-B6C1-BCF57E5ADF0C}.Release|Any CPU.Build.0 = Release|Any CPU
	EndGlobalSection
	GlobalSection(SolutionProperties) = preSolution
		HideSolutionNode = FALSE
	EndGlobalSection
	GlobalSection(ExtensibilityGlobals) = postSolution
		SolutionGuid = {6A567078-FF25-41D1-8E2F-540FAEE44D6B}
	EndGlobalSection
EndGlobal
